
Microsoft Visual Studio Solution File, Format Version 12.00
# Visual Studio Version 17
VisualStudioVersion = 17.3.32901.215
MinimumVisualStudioVersion = 10.0.40219.1
Project("{9A19103F-16F7-4668-BE54-9A1E7A4F7556}") = "MVCApplication", "MVCApplication\MVCApplication.csproj", "{6B09BD5F-84DC-455C-8F4D-62EF4658F750}"
EndProject
Project("{2150E333-8FDC-42A3-9474-1A3956D46DE8}") = "MVCAssignment", "MVCAssignment", "{7F58D6D3-83E4-4D01-B459-CF5D3F132E63}"
EndProject
Project("{FAE04EC0-301F-11D3-BF4B-00C04F79EFBC}") = "UnitTestProject1", "UnitTestProject1\UnitTestProject1.csproj", "{A88A93C9-D347-4587-8D01-3AE6B4AEEF9E}"
EndProject
Global
	GlobalSection(SolutionConfigurationPlatforms) = preSolution
		Debug|Any CPU = Debug|Any CPU
		Release|Any CPU = Release|Any CPU
	EndGlobalSection
	GlobalSection(ProjectConfigurationPlatforms) = postSolution
		{6B09BD5F-84DC-455C-8F4D-62EF4658F750}.Debug|Any CPU.ActiveCfg = Debug|Any CPU
		{6B09BD5F-84DC-455C-8F4D-62EF4658F750}.Debug|Any CPU.Build.0 = Debug|Any CPU
		{6B09BD5F-84DC-455C-8F4D-62EF4658F750}.Release|Any CPU.ActiveCfg = Release|Any CPU
		{6B09BD5F-84DC-455C-8F4D-62EF4658F750}.Release|Any CPU.Build.0 = Release|Any CPU
		{A88A93C9-D347-4587-8D01-3AE6B4AEEF9E}.Debug|Any CPU.ActiveCfg = Debug|Any CPU
		{A88A93C9-D347-4587-8D01-3AE6B4AEEF9E}.Debug|Any CPU.Build.0 = Debug|Any CPU
		{A88A93C9-D347-4587-8D01-3AE6B4AEEF9E}.Release|Any CPU.ActiveCfg = Release|Any CPU
		{A88A93C9-D347-4587-8D01-3AE6B4AEEF9E}.Release|Any CPU.Build.0 = Release|Any CPU
	EndGlobalSection
	GlobalSection(SolutionProperties) = preSolution
		HideSolutionNode = FALSE
	EndGlobalSection
	GlobalSection(NestedProjects) = preSolution
		{6B09BD5F-84DC-455C-8F4D-62EF4658F750} = {7F58D6D3-83E4-4D01-B459-CF5D3F132E63}
	EndGlobalSection
	GlobalSection(ExtensibilityGlobals) = postSolution
		SolutionGuid = {85EA8D89-10AB-48EE-94B8-E1637EE683A7}
	EndGlobalSection
EndGlobal
