
Microsoft Visual Studio Solution File, Format Version 12.00
# Visual Studio Version 17
VisualStudioVersion = 17.3.32901.215
MinimumVisualStudioVersion = 10.0.40219.1
Project("{9A19103F-16F7-4668-BE54-9A1E7A4F7556}") = "exercise2", "exercise2\exercise2.csproj", "{E38EC733-23D3-4915-B757-F6666929FCC5}"
EndProject
Project("{9A19103F-16F7-4668-BE54-9A1E7A4F7556}") = "exercise3", "exercise3\exercise3.csproj", "{4ED13D8D-C1C0-4B98-9E21-CE827E47A742}"
EndProject
Project("{9A19103F-16F7-4668-BE54-9A1E7A4F7556}") = "exercise4", "exercise4\exercise4.csproj", "{93781DBE-6ABF-4A1F-8EC4-5B2F62F9027F}"
EndProject
Project("{9A19103F-16F7-4668-BE54-9A1E7A4F7556}") = "exercise5", "exercise5\exercise5.csproj", "{50228725-3A20-40E4-8512-EED761B5E5F8}"
EndProject
Project("{9A19103F-16F7-4668-BE54-9A1E7A4F7556}") = "exercise6", "exercise6\exercise6.csproj", "{7D581AFC-EBBE-475C-AE1C-9F01F154CC5F}"
EndProject
Project("{9A19103F-16F7-4668-BE54-9A1E7A4F7556}") = "exercise9", "exercise9\exercise9.csproj", "{C21AD911-5B1D-4B26-B774-515DB1094383}"
EndProject
Project("{9A19103F-16F7-4668-BE54-9A1E7A4F7556}") = "exercise10", "exercise10\exercise10.csproj", "{D4297597-83A7-43E9-AE6D-3BDDD27A04A7}"
EndProject
Project("{9A19103F-16F7-4668-BE54-9A1E7A4F7556}") = "exercise11", "exercise11\exercise11.csproj", "{3E9A22CD-3EF3-473A-AEF2-01EB64B25DA3}"
EndProject
Project("{9A19103F-16F7-4668-BE54-9A1E7A4F7556}") = "exercise12", "exercise12\exercise12.csproj", "{C9C2FD45-E879-44DB-9621-94108E284651}"
EndProject
Project("{9A19103F-16F7-4668-BE54-9A1E7A4F7556}") = "exercise13", "exercise13\exercise13.csproj", "{C0A5AC4F-8C6F-4FAD-9AF3-34D97636D29F}"
EndProject
Project("{9A19103F-16F7-4668-BE54-9A1E7A4F7556}") = "exercise14", "exercise14\exercise14.csproj", "{416016DE-7F3C-4F33-BF3D-07734AB07D12}"
EndProject
Project("{9A19103F-16F7-4668-BE54-9A1E7A4F7556}") = "exercise15", "exercise15\exercise15.csproj", "{38C3D1ED-BF7D-439E-BC03-8D725EA04DF9}"
EndProject
Project("{9A19103F-16F7-4668-BE54-9A1E7A4F7556}") = "exercise16", "exercise16\exercise16.csproj", "{5DE47C05-3FDC-4796-BC79-DBB81416B69D}"
EndProject
Project("{9A19103F-16F7-4668-BE54-9A1E7A4F7556}") = "exercise17", "exercise17\exercise17.csproj", "{2A767396-B5EC-45DE-A283-802427FE5A59}"
EndProject
Project("{FAE04EC0-301F-11D3-BF4B-00C04F79EFBC}") = "exercise1", "exercise1\exercise1.csproj", "{BE54A2DB-2203-463F-BEA0-A98AF40A079D}"
EndProject
Project("{FAE04EC0-301F-11D3-BF4B-00C04F79EFBC}") = "exercise7", "exercise7\exercise7.csproj", "{5FD586E8-9392-4281-A5E0-2AC56788FD1F}"
EndProject
Project("{FAE04EC0-301F-11D3-BF4B-00C04F79EFBC}") = "exercise8", "exercise8\exercise8.csproj", "{17E81164-9CC3-4BE7-B381-277087036C18}"
EndProject
Global
	GlobalSection(SolutionConfigurationPlatforms) = preSolution
		Debug|Any CPU = Debug|Any CPU
		Release|Any CPU = Release|Any CPU
	EndGlobalSection
	GlobalSection(ProjectConfigurationPlatforms) = postSolution
		{E38EC733-23D3-4915-B757-F6666929FCC5}.Debug|Any CPU.ActiveCfg = Debug|Any CPU
		{E38EC733-23D3-4915-B757-F6666929FCC5}.Debug|Any CPU.Build.0 = Debug|Any CPU
		{E38EC733-23D3-4915-B757-F6666929FCC5}.Release|Any CPU.ActiveCfg = Release|Any CPU
		{E38EC733-23D3-4915-B757-F6666929FCC5}.Release|Any CPU.Build.0 = Release|Any CPU
		{4ED13D8D-C1C0-4B98-9E21-CE827E47A742}.Debug|Any CPU.ActiveCfg = Debug|Any CPU
		{4ED13D8D-C1C0-4B98-9E21-CE827E47A742}.Debug|Any CPU.Build.0 = Debug|Any CPU
		{4ED13D8D-C1C0-4B98-9E21-CE827E47A742}.Release|Any CPU.ActiveCfg = Release|Any CPU
		{4ED13D8D-C1C0-4B98-9E21-CE827E47A742}.Release|Any CPU.Build.0 = Release|Any CPU
		{93781DBE-6ABF-4A1F-8EC4-5B2F62F9027F}.Debug|Any CPU.ActiveCfg = Debug|Any CPU
		{93781DBE-6ABF-4A1F-8EC4-5B2F62F9027F}.Debug|Any CPU.Build.0 = Debug|Any CPU
		{93781DBE-6ABF-4A1F-8EC4-5B2F62F9027F}.Release|Any CPU.ActiveCfg = Release|Any CPU
		{93781DBE-6ABF-4A1F-8EC4-5B2F62F9027F}.Release|Any CPU.Build.0 = Release|Any CPU
		{50228725-3A20-40E4-8512-EED761B5E5F8}.Debug|Any CPU.ActiveCfg = Debug|Any CPU
		{50228725-3A20-40E4-8512-EED761B5E5F8}.Debug|Any CPU.Build.0 = Debug|Any CPU
		{50228725-3A20-40E4-8512-EED761B5E5F8}.Release|Any CPU.ActiveCfg = Release|Any CPU
		{50228725-3A20-40E4-8512-EED761B5E5F8}.Release|Any CPU.Build.0 = Release|Any CPU
		{7D581AFC-EBBE-475C-AE1C-9F01F154CC5F}.Debug|Any CPU.ActiveCfg = Debug|Any CPU
		{7D581AFC-EBBE-475C-AE1C-9F01F154CC5F}.Debug|Any CPU.Build.0 = Debug|Any CPU
		{7D581AFC-EBBE-475C-AE1C-9F01F154CC5F}.Release|Any CPU.ActiveCfg = Release|Any CPU
		{7D581AFC-EBBE-475C-AE1C-9F01F154CC5F}.Release|Any CPU.Build.0 = Release|Any CPU
		{C21AD911-5B1D-4B26-B774-515DB1094383}.Debug|Any CPU.ActiveCfg = Debug|Any CPU
		{C21AD911-5B1D-4B26-B774-515DB1094383}.Debug|Any CPU.Build.0 = Debug|Any CPU
		{C21AD911-5B1D-4B26-B774-515DB1094383}.Release|Any CPU.ActiveCfg = Release|Any CPU
		{C21AD911-5B1D-4B26-B774-515DB1094383}.Release|Any CPU.Build.0 = Release|Any CPU
		{D4297597-83A7-43E9-AE6D-3BDDD27A04A7}.Debug|Any CPU.ActiveCfg = Debug|Any CPU
		{D4297597-83A7-43E9-AE6D-3BDDD27A04A7}.Debug|Any CPU.Build.0 = Debug|Any CPU
		{D4297597-83A7-43E9-AE6D-3BDDD27A04A7}.Release|Any CPU.ActiveCfg = Release|Any CPU
		{D4297597-83A7-43E9-AE6D-3BDDD27A04A7}.Release|Any CPU.Build.0 = Release|Any CPU
		{3E9A22CD-3EF3-473A-AEF2-01EB64B25DA3}.Debug|Any CPU.ActiveCfg = Debug|Any CPU
		{3E9A22CD-3EF3-473A-AEF2-01EB64B25DA3}.Debug|Any CPU.Build.0 = Debug|Any CPU
		{3E9A22CD-3EF3-473A-AEF2-01EB64B25DA3}.Release|Any CPU.ActiveCfg = Release|Any CPU
		{3E9A22CD-3EF3-473A-AEF2-01EB64B25DA3}.Release|Any CPU.Build.0 = Release|Any CPU
		{C9C2FD45-E879-44DB-9621-94108E284651}.Debug|Any CPU.ActiveCfg = Debug|Any CPU
		{C9C2FD45-E879-44DB-9621-94108E284651}.Debug|Any CPU.Build.0 = Debug|Any CPU
		{C9C2FD45-E879-44DB-9621-94108E284651}.Release|Any CPU.ActiveCfg = Release|Any CPU
		{C9C2FD45-E879-44DB-9621-94108E284651}.Release|Any CPU.Build.0 = Release|Any CPU
		{C0A5AC4F-8C6F-4FAD-9AF3-34D97636D29F}.Debug|Any CPU.ActiveCfg = Debug|Any CPU
		{C0A5AC4F-8C6F-4FAD-9AF3-34D97636D29F}.Debug|Any CPU.Build.0 = Debug|Any CPU
		{C0A5AC4F-8C6F-4FAD-9AF3-34D97636D29F}.Release|Any CPU.ActiveCfg = Release|Any CPU
		{C0A5AC4F-8C6F-4FAD-9AF3-34D97636D29F}.Release|Any CPU.Build.0 = Release|Any CPU
		{416016DE-7F3C-4F33-BF3D-07734AB07D12}.Debug|Any CPU.ActiveCfg = Debug|Any CPU
		{416016DE-7F3C-4F33-BF3D-07734AB07D12}.Debug|Any CPU.Build.0 = Debug|Any CPU
		{416016DE-7F3C-4F33-BF3D-07734AB07D12}.Release|Any CPU.ActiveCfg = Release|Any CPU
		{416016DE-7F3C-4F33-BF3D-07734AB07D12}.Release|Any CPU.Build.0 = Release|Any CPU
		{38C3D1ED-BF7D-439E-BC03-8D725EA04DF9}.Debug|Any CPU.ActiveCfg = Debug|Any CPU
		{38C3D1ED-BF7D-439E-BC03-8D725EA04DF9}.Debug|Any CPU.Build.0 = Debug|Any CPU
		{38C3D1ED-BF7D-439E-BC03-8D725EA04DF9}.Release|Any CPU.ActiveCfg = Release|Any CPU
		{38C3D1ED-BF7D-439E-BC03-8D725EA04DF9}.Release|Any CPU.Build.0 = Release|Any CPU
		{5DE47C05-3FDC-4796-BC79-DBB81416B69D}.Debug|Any CPU.ActiveCfg = Debug|Any CPU
		{5DE47C05-3FDC-4796-BC79-DBB81416B69D}.Debug|Any CPU.Build.0 = Debug|Any CPU
		{5DE47C05-3FDC-4796-BC79-DBB81416B69D}.Release|Any CPU.ActiveCfg = Release|Any CPU
		{5DE47C05-3FDC-4796-BC79-DBB81416B69D}.Release|Any CPU.Build.0 = Release|Any CPU
		{2A767396-B5EC-45DE-A283-802427FE5A59}.Debug|Any CPU.ActiveCfg = Debug|Any CPU
		{2A767396-B5EC-45DE-A283-802427FE5A59}.Debug|Any CPU.Build.0 = Debug|Any CPU
		{2A767396-B5EC-45DE-A283-802427FE5A59}.Release|Any CPU.ActiveCfg = Release|Any CPU
		{2A767396-B5EC-45DE-A283-802427FE5A59}.Release|Any CPU.Build.0 = Release|Any CPU
		{BE54A2DB-2203-463F-BEA0-A98AF40A079D}.Debug|Any CPU.ActiveCfg = Debug|Any CPU
		{BE54A2DB-2203-463F-BEA0-A98AF40A079D}.Debug|Any CPU.Build.0 = Debug|Any CPU
		{BE54A2DB-2203-463F-BEA0-A98AF40A079D}.Release|Any CPU.ActiveCfg = Release|Any CPU
		{BE54A2DB-2203-463F-BEA0-A98AF40A079D}.Release|Any CPU.Build.0 = Release|Any CPU
		{5FD586E8-9392-4281-A5E0-2AC56788FD1F}.Debug|Any CPU.ActiveCfg = Debug|Any CPU
		{5FD586E8-9392-4281-A5E0-2AC56788FD1F}.Debug|Any CPU.Build.0 = Debug|Any CPU
		{5FD586E8-9392-4281-A5E0-2AC56788FD1F}.Release|Any CPU.ActiveCfg = Release|Any CPU
		{5FD586E8-9392-4281-A5E0-2AC56788FD1F}.Release|Any CPU.Build.0 = Release|Any CPU
		{17E81164-9CC3-4BE7-B381-277087036C18}.Debug|Any CPU.ActiveCfg = Debug|Any CPU
		{17E81164-9CC3-4BE7-B381-277087036C18}.Debug|Any CPU.Build.0 = Debug|Any CPU
		{17E81164-9CC3-4BE7-B381-277087036C18}.Release|Any CPU.ActiveCfg = Release|Any CPU
		{17E81164-9CC3-4BE7-B381-277087036C18}.Release|Any CPU.Build.0 = Release|Any CPU
	EndGlobalSection
	GlobalSection(SolutionProperties) = preSolution
		HideSolutionNode = FALSE
	EndGlobalSection
	GlobalSection(ExtensibilityGlobals) = postSolution
		SolutionGuid = {2C4C7E58-80EF-4049-B3BF-317BB6398630}
	EndGlobalSection
EndGlobal
